
Microsoft Visual Studio Solution File, Format Version 12.00
# Visual Studio Version 16
VisualStudioVersion = 16.0.30114.105
MinimumVisualStudioVersion = 10.0.40219.1
Project("{FAE04EC0-301F-11D3-BF4B-00C04F79EFBC}") = "Shared", "Shared\Shared.csproj", "{E8BA57CB-12FC-4C29-879C-F6882F26432A}"
EndProject
Project("{FAE04EC0-301F-11D3-BF4B-00C04F79EFBC}") = "DataAccessLayer", "DataAccessLayer\DataAccessLayer.csproj", "{4C478238-2712-4D35-9EB7-D6A407B9D1D0}"
EndProject
Project("{FAE04EC0-301F-11D3-BF4B-00C04F79EFBC}") = "CoreBusiness", "CoreBusiness\CoreBusiness.csproj", "{94EF6995-E8C8-4DC6-B691-501EFF785BB8}"
EndProject
Project("{FAE04EC0-301F-11D3-BF4B-00C04F79EFBC}") = "MigrationRunner", "MigrationRunner\MigrationRunner.csproj", "{9D05ADA9-60D4-44C0-AB03-A72D90D1456D}"
EndProject
Project("{2150E333-8FDC-42A3-9474-1A3956D46DE8}") = "tests", "tests", "{99A7422C-5F1D-49C9-AC4E-5A02A09DEBC6}"
EndProject
Project("{FAE04EC0-301F-11D3-BF4B-00C04F79EFBC}") = "DataAccessLayer.Tests", "tests\DataAccessLayer.Tests\DataAccessLayer.Tests.csproj", "{D537BA05-DFE7-4E28-ABAC-417AFF92CEA7}"
EndProject
Project("{FAE04EC0-301F-11D3-BF4B-00C04F79EFBC}") = "Data.Benchmarks", "Data.Benchmarks\Data.Benchmarks.csproj", "{5F6F19BE-1E24-4F6B-A0AE-8F4930FAE6C9}"
EndProject
Project("{2150E333-8FDC-42A3-9474-1A3956D46DE8}") = "docs", "docs", "{33C8C07F-7654-4B95-B6F1-E0FEE7C01BAF}"
	ProjectSection(SolutionItems) = preProject
		docs\architecture.txt = docs\architecture.txt
		docs\ado\mssql.md = docs\ado\mssql.md
		docs\ado\oracle.md = docs\ado\oracle.md
		docs\ado\postgresql.md = docs\ado\postgresql.md
		docs\ado\sql.md = docs\ado\sql.md
		docs\configuration.md = docs\configuration.md
		docs\databases.txt = docs\databases.txt
		docs\ef\mssql.md = docs\ef\mssql.md
		docs\ef\oracle.md = docs\ef\oracle.md
		docs\ef\postgresql.md = docs\ef\postgresql.md
		docs\ef\sql.md = docs\ef\sql.md
		docs\feature-toggles\bulk-engines.md = docs\feature-toggles\bulk-engines.md
		docs\feature-toggles\bulk-providers.md = docs\feature-toggles\bulk-providers.md
		docs\feature-toggles\detailed-logging.md = docs\feature-toggles\detailed-logging.md
		docs\feature-toggles\ef-helpers.md = docs\feature-toggles\ef-helpers.md
		docs\feature-toggles\mapping-profiles.md = docs\feature-toggles\mapping-profiles.md
		docs\feature-toggles\provider-helpers.md = docs\feature-toggles\provider-helpers.md
		docs\feature-toggles\telemetry.md = docs\feature-toggles\telemetry.md
		docs\feature-toggles\transactions.md = docs\feature-toggles\transactions.md
		docs\feature-toggles\validation.md = docs\feature-toggles\validation.md
		docs\migration-overview.md = docs\migration-overview.md
		docs\transactions.txt = docs\transactions.txt
	EndProjectSection
EndProject
Project("{FAE04EC0-301F-11D3-BF4B-00C04F79EFBC}") = "MigrationRunner.Tests", "tests\MigrationRunner.Tests\MigrationRunner.Tests.csproj", "{D2346D50-DE93-4D5C-9B2D-987298A137F0}"
EndProject
Project("{FAE04EC0-301F-11D3-BF4B-00C04F79EFBC}") = "CoreBusiness.Tests", "tests\CoreBusiness.Tests\CoreBusiness.Tests.csproj", "{E91891AB-0875-46D3-BD4F-584F14E52765}"
EndProject
Project("{FAE04EC0-301F-11D3-BF4B-00C04F79EFBC}") = "DataAccessLayer.SourceGenerators", "DataAccessLayer.SourceGenerators\DataAccessLayer.SourceGenerators.csproj", "{C500A623-3E7B-4EF9-B00D-2F242F08EE09}"
EndProject
Global
	GlobalSection(SolutionConfigurationPlatforms) = preSolution
		Debug|Any CPU = Debug|Any CPU
		Release|Any CPU = Release|Any CPU
	EndGlobalSection
	GlobalSection(SolutionProperties) = preSolution
		HideSolutionNode = FALSE
	EndGlobalSection
	GlobalSection(ProjectConfigurationPlatforms) = postSolution
		{E8BA57CB-12FC-4C29-879C-F6882F26432A}.Debug|Any CPU.ActiveCfg = Debug|Any CPU
		{E8BA57CB-12FC-4C29-879C-F6882F26432A}.Debug|Any CPU.Build.0 = Debug|Any CPU
		{E8BA57CB-12FC-4C29-879C-F6882F26432A}.Release|Any CPU.ActiveCfg = Release|Any CPU
		{E8BA57CB-12FC-4C29-879C-F6882F26432A}.Release|Any CPU.Build.0 = Release|Any CPU
		{4C478238-2712-4D35-9EB7-D6A407B9D1D0}.Debug|Any CPU.ActiveCfg = Debug|Any CPU
		{4C478238-2712-4D35-9EB7-D6A407B9D1D0}.Debug|Any CPU.Build.0 = Debug|Any CPU
		{4C478238-2712-4D35-9EB7-D6A407B9D1D0}.Release|Any CPU.ActiveCfg = Release|Any CPU
		{4C478238-2712-4D35-9EB7-D6A407B9D1D0}.Release|Any CPU.Build.0 = Release|Any CPU
		{94EF6995-E8C8-4DC6-B691-501EFF785BB8}.Debug|Any CPU.ActiveCfg = Debug|Any CPU
		{94EF6995-E8C8-4DC6-B691-501EFF785BB8}.Debug|Any CPU.Build.0 = Debug|Any CPU
		{94EF6995-E8C8-4DC6-B691-501EFF785BB8}.Release|Any CPU.ActiveCfg = Release|Any CPU
		{94EF6995-E8C8-4DC6-B691-501EFF785BB8}.Release|Any CPU.Build.0 = Release|Any CPU
		{9D05ADA9-60D4-44C0-AB03-A72D90D1456D}.Debug|Any CPU.ActiveCfg = Debug|Any CPU
		{9D05ADA9-60D4-44C0-AB03-A72D90D1456D}.Debug|Any CPU.Build.0 = Debug|Any CPU
		{9D05ADA9-60D4-44C0-AB03-A72D90D1456D}.Release|Any CPU.ActiveCfg = Release|Any CPU
		{9D05ADA9-60D4-44C0-AB03-A72D90D1456D}.Release|Any CPU.Build.0 = Release|Any CPU
		{D537BA05-DFE7-4E28-ABAC-417AFF92CEA7}.Debug|Any CPU.ActiveCfg = Debug|Any CPU
		{D537BA05-DFE7-4E28-ABAC-417AFF92CEA7}.Debug|Any CPU.Build.0 = Debug|Any CPU
		{D537BA05-DFE7-4E28-ABAC-417AFF92CEA7}.Release|Any CPU.ActiveCfg = Release|Any CPU
		{D537BA05-DFE7-4E28-ABAC-417AFF92CEA7}.Release|Any CPU.Build.0 = Release|Any CPU
		{5F6F19BE-1E24-4F6B-A0AE-8F4930FAE6C9}.Debug|Any CPU.ActiveCfg = Debug|Any CPU
		{5F6F19BE-1E24-4F6B-A0AE-8F4930FAE6C9}.Debug|Any CPU.Build.0 = Debug|Any CPU
		{5F6F19BE-1E24-4F6B-A0AE-8F4930FAE6C9}.Release|Any CPU.ActiveCfg = Release|Any CPU
		{5F6F19BE-1E24-4F6B-A0AE-8F4930FAE6C9}.Release|Any CPU.Build.0 = Release|Any CPU
		{D2346D50-DE93-4D5C-9B2D-987298A137F0}.Debug|Any CPU.ActiveCfg = Debug|Any CPU
		{D2346D50-DE93-4D5C-9B2D-987298A137F0}.Debug|Any CPU.Build.0 = Debug|Any CPU
		{D2346D50-DE93-4D5C-9B2D-987298A137F0}.Release|Any CPU.ActiveCfg = Release|Any CPU
		{D2346D50-DE93-4D5C-9B2D-987298A137F0}.Release|Any CPU.Build.0 = Release|Any CPU
		{E91891AB-0875-46D3-BD4F-584F14E52765}.Debug|Any CPU.ActiveCfg = Debug|Any CPU
		{E91891AB-0875-46D3-BD4F-584F14E52765}.Debug|Any CPU.Build.0 = Debug|Any CPU
		{E91891AB-0875-46D3-BD4F-584F14E52765}.Release|Any CPU.ActiveCfg = Release|Any CPU
		{E91891AB-0875-46D3-BD4F-584F14E52765}.Release|Any CPU.Build.0 = Release|Any CPU
		{C500A623-3E7B-4EF9-B00D-2F242F08EE09}.Debug|Any CPU.ActiveCfg = Debug|Any CPU
		{C500A623-3E7B-4EF9-B00D-2F242F08EE09}.Debug|Any CPU.Build.0 = Debug|Any CPU
		{C500A623-3E7B-4EF9-B00D-2F242F08EE09}.Release|Any CPU.ActiveCfg = Release|Any CPU
		{C500A623-3E7B-4EF9-B00D-2F242F08EE09}.Release|Any CPU.Build.0 = Release|Any CPU
	EndGlobalSection
	GlobalSection(NestedProjects) = preSolution
		{D537BA05-DFE7-4E28-ABAC-417AFF92CEA7} = {99A7422C-5F1D-49C9-AC4E-5A02A09DEBC6}
		{D2346D50-DE93-4D5C-9B2D-987298A137F0} = {99A7422C-5F1D-49C9-AC4E-5A02A09DEBC6}
		{E91891AB-0875-46D3-BD4F-584F14E52765} = {99A7422C-5F1D-49C9-AC4E-5A02A09DEBC6}
	EndGlobalSection
EndGlobal
